<?xml version="1.0" encoding="utf-8"?>
<Project ToolsVersion="4.0" xmlns="http://schemas.microsoft.com/developer/msbuild/2003">
  <ItemGroup>
    <Filter Include="Resource Files">
      <UniqueIdentifier>{67DA6AB6-F800-4c08-8B7A-83BB121AAD01}</UniqueIdentifier>
      <Extensions>rc;ico;cur;bmp;dlg;rc2;rct;bin;rgs;gif;jpg;jpeg;jpe;resx;tiff;tif;png;wav;mfcribbon-ms</Extensions>
    </Filter>
    <Filter Include="Header Files">
      <UniqueIdentifier>{93995380-89BD-4b04-88EB-625FBE52EBFB}</UniqueIdentifier>
      <Extensions>h;hh;hpp;hxx;hm;inl;inc;ipp;xsd</Extensions>
    </Filter>
    <Filter Include="Header Files\World">
      <UniqueIdentifier>{25bd7c84-d460-46d3-a5f9-6813fd39cceb}</UniqueIdentifier>
    </Filter>
    <Filter Include="Header Files\Tree">
      <UniqueIdentifier>{0b554716-9bca-4baf-86d9-70d296401b6e}</UniqueIdentifier>
    </Filter>
    <Filter Include="Header Files\Tree\SCTree">
      <UniqueIdentifier>{80af725a-27cb-4d5b-9d6f-6e28387465c6}</UniqueIdentifier>
    </Filter>
    <Filter Include="Header Files\Tree\SCTree\Envelopes">
      <UniqueIdentifier>{6cd76c26-17e4-4896-a1b5-ac0fb848d56d}</UniqueIdentifier>
    </Filter>
    <Filter Include="Header Files\Misc">
      <UniqueIdentifier>{0f06d84a-981b-49ae-adae-03a4f5131e76}</UniqueIdentifier>
    </Filter>
    <Filter Include="Header Files\Misc\IO">
      <UniqueIdentifier>{4a047589-89b9-4fd6-8d98-38c999999a47}</UniqueIdentifier>
    </Filter>
    <Filter Include="Header Files\Misc\Graphics">
      <UniqueIdentifier>{d2b87861-3aed-4218-be56-8c85706a839b}</UniqueIdentifier>
    </Filter>
    <Filter Include="Source Files">
      <UniqueIdentifier>{9efb476b-7a22-4b4c-9f0c-3159f495f1b8}</UniqueIdentifier>
    </Filter>
    <Filter Include="Source Files\Misc">
      <UniqueIdentifier>{aff8bab1-e25e-4500-8ae3-41b1b9bc5bc0}</UniqueIdentifier>
    </Filter>
    <Filter Include="Source Files\Misc\External">
      <UniqueIdentifier>{84f0f838-d627-4cc9-8eef-9fba4bc2e9d7}</UniqueIdentifier>
    </Filter>
    <Filter Include="Source Files\Misc\IO">
      <UniqueIdentifier>{5629c608-652a-44d2-b40b-aba0def97eb2}</UniqueIdentifier>
    </Filter>
    <Filter Include="Source Files\Tree">
      <UniqueIdentifier>{327bca26-e8c2-4524-a0d0-1869a87af863}</UniqueIdentifier>
    </Filter>
    <Filter Include="Source Files\Tree\SCTree">
      <UniqueIdentifier>{44306fbf-e4d5-480d-8679-14d5d90397b7}</UniqueIdentifier>
    </Filter>
    <Filter Include="Source Files\Tree\SCTree\Envelopes">
      <UniqueIdentifier>{f90f193c-7e13-4bda-b9be-566a02d8c7c0}</UniqueIdentifier>
    </Filter>
    <Filter Include="Source Files\World">
      <UniqueIdentifier>{eca3e842-bb57-4669-ac06-8fdfc45e3273}</UniqueIdentifier>
    </Filter>
    <Filter Include="Header Files\World\Component">
      <UniqueIdentifier>{08868755-9e53-43b5-a016-6f7f487e4866}</UniqueIdentifier>
    </Filter>
    <Filter Include="Header Files\World\Component\SharedComponents">
      <UniqueIdentifier>{9a98a8a2-e999-4e7a-99dd-9870913f8384}</UniqueIdentifier>
    </Filter>
    <Filter Include="Header Files\World\Entity">
      <UniqueIdentifier>{166410fa-c0ac-4115-8580-4aa9d7077425}</UniqueIdentifier>
    </Filter>
    <Filter Include="Header Files\World\System">
      <UniqueIdentifier>{70594da2-c132-429d-bd0c-4e2e4d61bc93}</UniqueIdentifier>
    </Filter>
    <Filter Include="Source Files\World\Component">
      <UniqueIdentifier>{ec291268-277f-4dc1-bf76-342c52927343}</UniqueIdentifier>
    </Filter>
    <Filter Include="Source Files\World\Component\SharedComponents">
      <UniqueIdentifier>{dc4bfb8c-8449-4272-8e9d-1be26e81fd5c}</UniqueIdentifier>
    </Filter>
    <Filter Include="Source Files\World\Entity">
      <UniqueIdentifier>{b9f81272-5a20-4551-b7f4-92dacd2f9877}</UniqueIdentifier>
    </Filter>
    <Filter Include="Source Files\World\System">
      <UniqueIdentifier>{57b79ae2-6d8f-48e1-84f2-acda2ed18eb5}</UniqueIdentifier>
    </Filter>
    <Filter Include="Source Files\Misc\Graphics">
      <UniqueIdentifier>{87f0cb55-b4d7-4c49-a7f0-e2bd7ac66c48}</UniqueIdentifier>
    </Filter>
    <Filter Include="Header Files\Misc\Scene">
      <UniqueIdentifier>{7da5f6b5-5ae7-47f2-899b-5e9bde56a718}</UniqueIdentifier>
    </Filter>
    <Filter Include="Source Files\Misc\Scene">
      <UniqueIdentifier>{3685c6da-0e8c-47e2-b19d-d24f442c3b1d}</UniqueIdentifier>
    </Filter>
  </ItemGroup>
  <ItemGroup>
    <ClCompile Include="Time.h">
      <Filter>Header Files\Misc</Filter>
    </ClCompile>
    <ClCompile Include="includes\glad\src\glad.c">
      <Filter>Source Files\Misc\External</Filter>
    </ClCompile>
    <ClCompile Include="includes\ImGUI\imgui.cpp">
      <Filter>Source Files\Misc\External</Filter>
    </ClCompile>
    <ClCompile Include="includes\ImGUI\imgui_demo.cpp">
      <Filter>Source Files\Misc\External</Filter>
    </ClCompile>
    <ClCompile Include="includes\ImGUI\imgui_draw.cpp">
      <Filter>Source Files\Misc\External</Filter>
    </ClCompile>
    <ClCompile Include="includes\ImGUI\examples\imgui_impl_glfw.cpp">
      <Filter>Source Files\Misc\External</Filter>
    </ClCompile>
    <ClCompile Include="includes\ImGUI\examples\imgui_impl_opengl3.cpp">
      <Filter>Source Files\Misc\External</Filter>
    </ClCompile>
    <ClCompile Include="includes\ImGUI\examples\imgui_impl_win32.cpp">
      <Filter>Source Files\Misc\External</Filter>
    </ClCompile>
    <ClCompile Include="includes\ImGUI\imgui_widgets.cpp">
      <Filter>Source Files\Misc\External</Filter>
    </ClCompile>
    <ClCompile Include="stb.cpp">
      <Filter>Source Files\Misc\External</Filter>
    </ClCompile>
    <ClCompile Include="FileSystem.cpp">
      <Filter>Source Files\Misc\IO</Filter>
    </ClCompile>
    <ClCompile Include="Camera.cpp">
      <Filter>Source Files\Misc</Filter>
    </ClCompile>
    <ClCompile Include="Debug.cpp">
      <Filter>Source Files\Misc</Filter>
    </ClCompile>
    <ClCompile Include="Default.cpp">
      <Filter>Source Files\Misc</Filter>
    </ClCompile>
    <ClCompile Include="Input.cpp">
      <Filter>Source Files\Misc</Filter>
    </ClCompile>
    <ClCompile Include="ModelManager.cpp">
      <Filter>Source Files\Misc</Filter>
    </ClCompile>
    <ClCompile Include="Time.cpp">
      <Filter>Source Files\Misc</Filter>
    </ClCompile>
    <ClCompile Include="WindowManager.cpp">
      <Filter>Source Files\Misc</Filter>
    </ClCompile>
    <ClCompile Include="LightingSystem.cpp">
      <Filter>Source Files\World\System</Filter>
    </ClCompile>
    <ClCompile Include="LocalToParentSystem.cpp">
      <Filter>Source Files\World\System</Filter>
    </ClCompile>
    <ClCompile Include="RenderSystem.cpp">
      <Filter>Source Files\World\System</Filter>
    </ClCompile>
    <ClCompile Include="SCTreeSystem.cpp">
      <Filter>Source Files\World\System</Filter>
    </ClCompile>
    <ClCompile Include="TRSToLocalToParentSystem.cpp">
      <Filter>Source Files\World\System</Filter>
    </ClCompile>
    <ClCompile Include="TRSToLocalToWorldSystem.cpp">
      <Filter>Source Files\World\System</Filter>
    </ClCompile>
    <ClCompile Include="World.cpp">
      <Filter>Source Files\World</Filter>
    </ClCompile>
    <ClCompile Include="main.cpp">
      <Filter>Source Files</Filter>
    </ClCompile>
    <ClCompile Include="TreeEngine.cpp">
      <Filter>Source Files</Filter>
    </ClCompile>
    <ClCompile Include="Graphics.cpp">
      <Filter>Source Files\Misc\Graphics</Filter>
    </ClCompile>
    <ClCompile Include="Material.cpp">
      <Filter>Source Files\Misc\Graphics</Filter>
    </ClCompile>
    <ClCompile Include="Mesh.cpp">
      <Filter>Source Files\Misc\Graphics</Filter>
    </ClCompile>
    <ClCompile Include="Shader.cpp">
      <Filter>Source Files\Misc\Graphics</Filter>
    </ClCompile>
    <ClCompile Include="Texture.cpp">
      <Filter>Source Files\Misc\Graphics</Filter>
    </ClCompile>
    <ClCompile Include="AssimpImporter.cpp">
      <Filter>Source Files\Misc</Filter>
    </ClCompile>
    <ClCompile Include="SCBranch.cpp">
      <Filter>Source Files\Tree\SCTree</Filter>
    </ClCompile>
    <ClCompile Include="SCTree.cpp">
      <Filter>Source Files\Tree\SCTree</Filter>
    </ClCompile>
    <ClCompile Include="SCEnvelope.cpp">
      <Filter>Source Files\Tree\SCTree</Filter>
    </ClCompile>
    <ClCompile Include="CameraSystem.cpp">
      <Filter>Source Files\World\System</Filter>
    </ClCompile>
    <ClCompile Include="Scene.cpp">
      <Filter>Source Files\Misc\Scene</Filter>
    </ClCompile>
    <ClCompile Include="SceneNode.cpp">
      <Filter>Source Files\Misc\Scene</Filter>
    </ClCompile>
    <ClCompile Include="SCBranchRingMesh.cpp">
      <Filter>Source Files\Tree\SCTree</Filter>
    </ClCompile>
  </ItemGroup>
  <ItemGroup>
    <ClInclude Include="TreeEngine.h">
      <Filter>Header Files</Filter>
    </ClInclude>
    <ClInclude Include="World.h">
      <Filter>Header Files\World</Filter>
    </ClInclude>
    <ClInclude Include="EntityManager.h">
      <Filter>Header Files\World\Entity</Filter>
    </ClInclude>
    <ClInclude Include="Entity.h">
      <Filter>Header Files\World\Entity</Filter>
    </ClInclude>
    <ClInclude Include="SurfaceOfRevolutionEnvelope.h">
      <Filter>Header Files\Tree\SCTree\Envelopes</Filter>
    </ClInclude>
    <ClInclude Include="CameraSystem.h">
      <Filter>Header Files\World\System</Filter>
    </ClInclude>
    <ClInclude Include="LocalToParentSystem.h">
      <Filter>Header Files\World\System</Filter>
    </ClInclude>
    <ClInclude Include="RenderSystem.h">
      <Filter>Header Files\World\System</Filter>
    </ClInclude>
    <ClInclude Include="TRSToLocalToParentSystem.h">
      <Filter>Header Files\World\System</Filter>
    </ClInclude>
    <ClInclude Include="TRSToLocalToWorldSystem.h">
      <Filter>Header Files\World\System</Filter>
    </ClInclude>
    <ClInclude Include="InternalComponents.h">
      <Filter>Header Files\World\Component</Filter>
    </ClInclude>
    <ClInclude Include="Camera.h">
      <Filter>Header Files\Misc</Filter>
    </ClInclude>
    <ClInclude Include="Input.h">
      <Filter>Header Files\Misc</Filter>
    </ClInclude>
    <ClInclude Include="ModelManager.h">
      <Filter>Header Files\Misc</Filter>
    </ClInclude>
    <ClInclude Include="WindowManager.h">
      <Filter>Header Files\Misc</Filter>
    </ClInclude>
    <ClInclude Include="Misc.h">
      <Filter>Header Files\Misc</Filter>
    </ClInclude>
    <ClInclude Include="Enums.h">
      <Filter>Header Files\Misc</Filter>
    </ClInclude>
    <ClInclude Include="Debug.h">
      <Filter>Header Files\Misc</Filter>
    </ClInclude>
    <ClInclude Include="AssimpImporter.h">
      <Filter>Header Files\Misc</Filter>
    </ClInclude>
    <ClInclude Include="Default.h">
      <Filter>Header Files\Misc</Filter>
    </ClInclude>
    <ClInclude Include="SCBranch.h">
      <Filter>Header Files\Tree\SCTree</Filter>
    </ClInclude>
    <ClInclude Include="SCTree.h">
      <Filter>Header Files\Tree\SCTree</Filter>
    </ClInclude>
    <ClInclude Include="SCEnvelope.h">
      <Filter>Header Files\Tree\SCTree</Filter>
    </ClInclude>
    <ClInclude Include="CubeEnvelope.h">
      <Filter>Header Files\Tree\SCTree\Envelopes</Filter>
    </ClInclude>
    <ClInclude Include="CylinderEnvelope.h">
      <Filter>Header Files\Tree\SCTree\Envelopes</Filter>
    </ClInclude>
    <ClInclude Include="FileSystem.h">
      <Filter>Header Files\Misc\IO</Filter>
    </ClInclude>
    <ClInclude Include="Material.h">
      <Filter>Header Files\Misc\Graphics</Filter>
    </ClInclude>
    <ClInclude Include="Mesh.h">
      <Filter>Header Files\Misc\Graphics</Filter>
    </ClInclude>
    <ClInclude Include="Shader.h">
      <Filter>Header Files\Misc\Graphics</Filter>
    </ClInclude>
    <ClInclude Include="Texture.h">
      <Filter>Header Files\Misc\Graphics</Filter>
    </ClInclude>
    <ClInclude Include="Graphics.h">
      <Filter>Header Files\Misc\Graphics</Filter>
    </ClInclude>
    <ClInclude Include="LightingSystem.h">
      <Filter>Header Files\World\System</Filter>
    </ClInclude>
    <ClInclude Include="SCTreeSystem.h">
      <Filter>Header Files\World\System</Filter>
    </ClInclude>
    <ClInclude Include="SystemBase.h">
      <Filter>Header Files\World\System</Filter>
    </ClInclude>
    <ClInclude Include="ComponentBase.h">
      <Filter>Header Files\World\Component</Filter>
    </ClInclude>
    <ClInclude Include="SharedComponentBase.h">
      <Filter>Header Files\World\Component\SharedComponents</Filter>
    </ClInclude>
    <ClInclude Include="Scene.h">
      <Filter>Header Files\Misc\Scene</Filter>
    </ClInclude>
    <ClInclude Include="SceneNode.h">
      <Filter>Header Files\Misc\Scene</Filter>
    </ClInclude>
    <ClInclude Include="SCBranchRingMesh.h">
      <Filter>Header Files\Tree\SCTree</Filter>
    </ClInclude>
  </ItemGroup>
</Project>