<?xml version="1.0" encoding="utf-8"?>
<Project ToolsVersion="16.0" xmlns="http://schemas.microsoft.com/developer/msbuild/2003">
  <ItemGroup>
    <CustomBuild Include="C:\Users\lllll\Documents\GitHub\TreeEngine\includes\assimp-5.0.1\CMakeFiles\6646893280a4b34b1a6eb65a4224c4d7\INSTALL_force.rule">
      <Filter>CMake Rules</Filter>
    </CustomBuild>
  </ItemGroup>
  <ItemGroup>
    <Filter Include="CMake Rules">
      <UniqueIdentifier>{E06D5C72-7B9C-30DC-B020-A102753E9C74}</UniqueIdentifier>
    </Filter>
  </ItemGroup>
</Project>
