Microsoft Visual Studio Solution File, Format Version 12.00
# Visual Studio 16
Project("{8BC9CEB8-8B4A-11D0-8D11-00A0C91BC942}") = "ALL_BUILD", "ALL_BUILD.vcxproj", "{1E08D4B3-EB56-3F29-B112-A50C3D6CDE63}"
	ProjectSection(ProjectDependencies) = postProject
		{D943756A-C1AA-34AA-AF2B-4D13270D1E22} = {D943756A-C1AA-34AA-AF2B-4D13270D1E22}
		{1AB2AC9D-AB36-3711-A7F3-C14DA85FB026} = {1AB2AC9D-AB36-3711-A7F3-C14DA85FB026}
		{C9357C10-8363-3D5B-9C5E-38429A8AFAE3} = {C9357C10-8363-3D5B-9C5E-38429A8AFAE3}
		{CAB18FA5-CFA9-3DEB-A317-52F9DDE2F700} = {CAB18FA5-CFA9-3DEB-A317-52F9DDE2F700}
		{AF0F8CE0-0329-342B-9AD4-7A16DDE4C06D} = {AF0F8CE0-0329-342B-9AD4-7A16DDE4C06D}
		{830A8530-FD5B-3DB4-9B72-53E684264352} = {830A8530-FD5B-3DB4-9B72-53E684264352}
		{25211EC0-35EB-396F-B41E-A0782AC23532} = {25211EC0-35EB-396F-B41E-A0782AC23532}
	EndProjectSection
EndProject
Project("{8BC9CEB8-8B4A-11D0-8D11-00A0C91BC942}") = "INSTALL", "INSTALL.vcxproj", "{20348C2C-A5DD-34AF-8EAE-431014E7F811}"
	ProjectSection(ProjectDependencies) = postProject
		{1E08D4B3-EB56-3F29-B112-A50C3D6CDE63} = {1E08D4B3-EB56-3F29-B112-A50C3D6CDE63}
		{1AB2AC9D-AB36-3711-A7F3-C14DA85FB026} = {1AB2AC9D-AB36-3711-A7F3-C14DA85FB026}
	EndProjectSection
EndProject
Project("{8BC9CEB8-8B4A-11D0-8D11-00A0C91BC942}") = "IrrXML", "contrib\irrXML\IrrXML.vcxproj", "{D943756A-C1AA-34AA-AF2B-4D13270D1E22}"
	ProjectSection(ProjectDependencies) = postProject
		{1AB2AC9D-AB36-3711-A7F3-C14DA85FB026} = {1AB2AC9D-AB36-3711-A7F3-C14DA85FB026}
	EndProjectSection
EndProject
Project("{8BC9CEB8-8B4A-11D0-8D11-00A0C91BC942}") = "UpdateAssimpLibsDebugSymbolsAndDLLs", "UpdateAssimpLibsDebugSymbolsAndDLLs.vcxproj", "{0E612F1C-10C1-36BC-9197-EE3E4C1DE90E}"
	ProjectSection(ProjectDependencies) = postProject
		{1AB2AC9D-AB36-3711-A7F3-C14DA85FB026} = {1AB2AC9D-AB36-3711-A7F3-C14DA85FB026}
	EndProjectSection
EndProject
Project("{8BC9CEB8-8B4A-11D0-8D11-00A0C91BC942}") = "ZERO_CHECK", "ZERO_CHECK.vcxproj", "{1AB2AC9D-AB36-3711-A7F3-C14DA85FB026}"
	ProjectSection(ProjectDependencies) = postProject
	EndProjectSection
EndProject
Project("{8BC9CEB8-8B4A-11D0-8D11-00A0C91BC942}") = "assimp", "code\assimp.vcxproj", "{C9357C10-8363-3D5B-9C5E-38429A8AFAE3}"
	ProjectSection(ProjectDependencies) = postProject
		{D943756A-C1AA-34AA-AF2B-4D13270D1E22} = {D943756A-C1AA-34AA-AF2B-4D13270D1E22}
		{1AB2AC9D-AB36-3711-A7F3-C14DA85FB026} = {1AB2AC9D-AB36-3711-A7F3-C14DA85FB026}
		{25211EC0-35EB-396F-B41E-A0782AC23532} = {25211EC0-35EB-396F-B41E-A0782AC23532}
	EndProjectSection
EndProject
Project("{8BC9CEB8-8B4A-11D0-8D11-00A0C91BC942}") = "assimp_cmd", "tools\assimp_cmd\assimp_cmd.vcxproj", "{CAB18FA5-CFA9-3DEB-A317-52F9DDE2F700}"
	ProjectSection(ProjectDependencies) = postProject
		{D943756A-C1AA-34AA-AF2B-4D13270D1E22} = {D943756A-C1AA-34AA-AF2B-4D13270D1E22}
		{1AB2AC9D-AB36-3711-A7F3-C14DA85FB026} = {1AB2AC9D-AB36-3711-A7F3-C14DA85FB026}
		{C9357C10-8363-3D5B-9C5E-38429A8AFAE3} = {C9357C10-8363-3D5B-9C5E-38429A8AFAE3}
		{25211EC0-35EB-396F-B41E-A0782AC23532} = {25211EC0-35EB-396F-B41E-A0782AC23532}
	EndProjectSection
EndProject
Project("{8BC9CEB8-8B4A-11D0-8D11-00A0C91BC942}") = "uninstall", "uninstall.vcxproj", "{3A18201F-CF4C-3B02-931C-9B6BAAFE7565}"
	ProjectSection(ProjectDependencies) = postProject
		{1AB2AC9D-AB36-3711-A7F3-C14DA85FB026} = {1AB2AC9D-AB36-3711-A7F3-C14DA85FB026}
	EndProjectSection
EndProject
Project("{8BC9CEB8-8B4A-11D0-8D11-00A0C91BC942}") = "unit", "test\unit.vcxproj", "{AF0F8CE0-0329-342B-9AD4-7A16DDE4C06D}"
	ProjectSection(ProjectDependencies) = postProject
		{D943756A-C1AA-34AA-AF2B-4D13270D1E22} = {D943756A-C1AA-34AA-AF2B-4D13270D1E22}
		{1AB2AC9D-AB36-3711-A7F3-C14DA85FB026} = {1AB2AC9D-AB36-3711-A7F3-C14DA85FB026}
		{C9357C10-8363-3D5B-9C5E-38429A8AFAE3} = {C9357C10-8363-3D5B-9C5E-38429A8AFAE3}
		{25211EC0-35EB-396F-B41E-A0782AC23532} = {25211EC0-35EB-396F-B41E-A0782AC23532}
	EndProjectSection
EndProject
Project("{8BC9CEB8-8B4A-11D0-8D11-00A0C91BC942}") = "zlib", "contrib\zlib\zlib.vcxproj", "{830A8530-FD5B-3DB4-9B72-53E684264352}"
	ProjectSection(ProjectDependencies) = postProject
		{1AB2AC9D-AB36-3711-A7F3-C14DA85FB026} = {1AB2AC9D-AB36-3711-A7F3-C14DA85FB026}
	EndProjectSection
EndProject
Project("{8BC9CEB8-8B4A-11D0-8D11-00A0C91BC942}") = "zlibstatic", "contrib\zlib\zlibstatic.vcxproj", "{25211EC0-35EB-396F-B41E-A0782AC23532}"
	ProjectSection(ProjectDependencies) = postProject
		{1AB2AC9D-AB36-3711-A7F3-C14DA85FB026} = {1AB2AC9D-AB36-3711-A7F3-C14DA85FB026}
	EndProjectSection
EndProject
Global
	GlobalSection(SolutionConfigurationPlatforms) = preSolution
		Debug|Win32 = Debug|Win32
		Release|Win32 = Release|Win32
		MinSizeRel|Win32 = MinSizeRel|Win32
		RelWithDebInfo|Win32 = RelWithDebInfo|Win32
	EndGlobalSection
	GlobalSection(ProjectConfigurationPlatforms) = postSolution
		{1E08D4B3-EB56-3F29-B112-A50C3D6CDE63}.Debug|Win32.ActiveCfg = Debug|Win32
		{1E08D4B3-EB56-3F29-B112-A50C3D6CDE63}.Debug|Win32.Build.0 = Debug|Win32
		{1E08D4B3-EB56-3F29-B112-A50C3D6CDE63}.Release|Win32.ActiveCfg = Release|Win32
		{1E08D4B3-EB56-3F29-B112-A50C3D6CDE63}.Release|Win32.Build.0 = Release|Win32
		{1E08D4B3-EB56-3F29-B112-A50C3D6CDE63}.MinSizeRel|Win32.ActiveCfg = MinSizeRel|Win32
		{1E08D4B3-EB56-3F29-B112-A50C3D6CDE63}.MinSizeRel|Win32.Build.0 = MinSizeRel|Win32
		{1E08D4B3-EB56-3F29-B112-A50C3D6CDE63}.RelWithDebInfo|Win32.ActiveCfg = RelWithDebInfo|Win32
		{1E08D4B3-EB56-3F29-B112-A50C3D6CDE63}.RelWithDebInfo|Win32.Build.0 = RelWithDebInfo|Win32
		{20348C2C-A5DD-34AF-8EAE-431014E7F811}.Debug|Win32.ActiveCfg = Debug|Win32
		{20348C2C-A5DD-34AF-8EAE-431014E7F811}.Release|Win32.ActiveCfg = Release|Win32
		{20348C2C-A5DD-34AF-8EAE-431014E7F811}.MinSizeRel|Win32.ActiveCfg = MinSizeRel|Win32
		{20348C2C-A5DD-34AF-8EAE-431014E7F811}.RelWithDebInfo|Win32.ActiveCfg = RelWithDebInfo|Win32
		{D943756A-C1AA-34AA-AF2B-4D13270D1E22}.Debug|Win32.ActiveCfg = Debug|Win32
		{D943756A-C1AA-34AA-AF2B-4D13270D1E22}.Debug|Win32.Build.0 = Debug|Win32
		{D943756A-C1AA-34AA-AF2B-4D13270D1E22}.Release|Win32.ActiveCfg = Release|Win32
		{D943756A-C1AA-34AA-AF2B-4D13270D1E22}.Release|Win32.Build.0 = Release|Win32
		{D943756A-C1AA-34AA-AF2B-4D13270D1E22}.MinSizeRel|Win32.ActiveCfg = MinSizeRel|Win32
		{D943756A-C1AA-34AA-AF2B-4D13270D1E22}.MinSizeRel|Win32.Build.0 = MinSizeRel|Win32
		{D943756A-C1AA-34AA-AF2B-4D13270D1E22}.RelWithDebInfo|Win32.ActiveCfg = RelWithDebInfo|Win32
		{D943756A-C1AA-34AA-AF2B-4D13270D1E22}.RelWithDebInfo|Win32.Build.0 = RelWithDebInfo|Win32
		{0E612F1C-10C1-36BC-9197-EE3E4C1DE90E}.Debug|Win32.ActiveCfg = Debug|Win32
		{0E612F1C-10C1-36BC-9197-EE3E4C1DE90E}.Release|Win32.ActiveCfg = Release|Win32
		{0E612F1C-10C1-36BC-9197-EE3E4C1DE90E}.MinSizeRel|Win32.ActiveCfg = MinSizeRel|Win32
		{0E612F1C-10C1-36BC-9197-EE3E4C1DE90E}.RelWithDebInfo|Win32.ActiveCfg = RelWithDebInfo|Win32
		{1AB2AC9D-AB36-3711-A7F3-C14DA85FB026}.Debug|Win32.ActiveCfg = Debug|Win32
		{1AB2AC9D-AB36-3711-A7F3-C14DA85FB026}.Debug|Win32.Build.0 = Debug|Win32
		{1AB2AC9D-AB36-3711-A7F3-C14DA85FB026}.Release|Win32.ActiveCfg = Release|Win32
		{1AB2AC9D-AB36-3711-A7F3-C14DA85FB026}.Release|Win32.Build.0 = Release|Win32
		{1AB2AC9D-AB36-3711-A7F3-C14DA85FB026}.MinSizeRel|Win32.ActiveCfg = MinSizeRel|Win32
		{1AB2AC9D-AB36-3711-A7F3-C14DA85FB026}.MinSizeRel|Win32.Build.0 = MinSizeRel|Win32
		{1AB2AC9D-AB36-3711-A7F3-C14DA85FB026}.RelWithDebInfo|Win32.ActiveCfg = RelWithDebInfo|Win32
		{1AB2AC9D-AB36-3711-A7F3-C14DA85FB026}.RelWithDebInfo|Win32.Build.0 = RelWithDebInfo|Win32
		{C9357C10-8363-3D5B-9C5E-38429A8AFAE3}.Debug|Win32.ActiveCfg = Debug|Win32
		{C9357C10-8363-3D5B-9C5E-38429A8AFAE3}.Debug|Win32.Build.0 = Debug|Win32
		{C9357C10-8363-3D5B-9C5E-38429A8AFAE3}.Release|Win32.ActiveCfg = Release|Win32
		{C9357C10-8363-3D5B-9C5E-38429A8AFAE3}.Release|Win32.Build.0 = Release|Win32
		{C9357C10-8363-3D5B-9C5E-38429A8AFAE3}.MinSizeRel|Win32.ActiveCfg = MinSizeRel|Win32
		{C9357C10-8363-3D5B-9C5E-38429A8AFAE3}.MinSizeRel|Win32.Build.0 = MinSizeRel|Win32
		{C9357C10-8363-3D5B-9C5E-38429A8AFAE3}.RelWithDebInfo|Win32.ActiveCfg = RelWithDebInfo|Win32
		{C9357C10-8363-3D5B-9C5E-38429A8AFAE3}.RelWithDebInfo|Win32.Build.0 = RelWithDebInfo|Win32
		{CAB18FA5-CFA9-3DEB-A317-52F9DDE2F700}.Debug|Win32.ActiveCfg = Debug|Win32
		{CAB18FA5-CFA9-3DEB-A317-52F9DDE2F700}.Debug|Win32.Build.0 = Debug|Win32
		{CAB18FA5-CFA9-3DEB-A317-52F9DDE2F700}.Release|Win32.ActiveCfg = Release|Win32
		{CAB18FA5-CFA9-3DEB-A317-52F9DDE2F700}.Release|Win32.Build.0 = Release|Win32
		{CAB18FA5-CFA9-3DEB-A317-52F9DDE2F700}.MinSizeRel|Win32.ActiveCfg = MinSizeRel|Win32
		{CAB18FA5-CFA9-3DEB-A317-52F9DDE2F700}.MinSizeRel|Win32.Build.0 = MinSizeRel|Win32
		{CAB18FA5-CFA9-3DEB-A317-52F9DDE2F700}.RelWithDebInfo|Win32.ActiveCfg = RelWithDebInfo|Win32
		{CAB18FA5-CFA9-3DEB-A317-52F9DDE2F700}.RelWithDebInfo|Win32.Build.0 = RelWithDebInfo|Win32
		{3A18201F-CF4C-3B02-931C-9B6BAAFE7565}.Debug|Win32.ActiveCfg = Debug|Win32
		{3A18201F-CF4C-3B02-931C-9B6BAAFE7565}.Release|Win32.ActiveCfg = Release|Win32
		{3A18201F-CF4C-3B02-931C-9B6BAAFE7565}.MinSizeRel|Win32.ActiveCfg = MinSizeRel|Win32
		{3A18201F-CF4C-3B02-931C-9B6BAAFE7565}.RelWithDebInfo|Win32.ActiveCfg = RelWithDebInfo|Win32
		{AF0F8CE0-0329-342B-9AD4-7A16DDE4C06D}.Debug|Win32.ActiveCfg = Debug|Win32
		{AF0F8CE0-0329-342B-9AD4-7A16DDE4C06D}.Debug|Win32.Build.0 = Debug|Win32
		{AF0F8CE0-0329-342B-9AD4-7A16DDE4C06D}.Release|Win32.ActiveCfg = Release|Win32
		{AF0F8CE0-0329-342B-9AD4-7A16DDE4C06D}.Release|Win32.Build.0 = Release|Win32
		{AF0F8CE0-0329-342B-9AD4-7A16DDE4C06D}.MinSizeRel|Win32.ActiveCfg = MinSizeRel|Win32
		{AF0F8CE0-0329-342B-9AD4-7A16DDE4C06D}.MinSizeRel|Win32.Build.0 = MinSizeRel|Win32
		{AF0F8CE0-0329-342B-9AD4-7A16DDE4C06D}.RelWithDebInfo|Win32.ActiveCfg = RelWithDebInfo|Win32
		{AF0F8CE0-0329-342B-9AD4-7A16DDE4C06D}.RelWithDebInfo|Win32.Build.0 = RelWithDebInfo|Win32
		{830A8530-FD5B-3DB4-9B72-53E684264352}.Debug|Win32.ActiveCfg = Debug|Win32
		{830A8530-FD5B-3DB4-9B72-53E684264352}.Debug|Win32.Build.0 = Debug|Win32
		{830A8530-FD5B-3DB4-9B72-53E684264352}.Release|Win32.ActiveCfg = Release|Win32
		{830A8530-FD5B-3DB4-9B72-53E684264352}.Release|Win32.Build.0 = Release|Win32
		{830A8530-FD5B-3DB4-9B72-53E684264352}.MinSizeRel|Win32.ActiveCfg = MinSizeRel|Win32
		{830A8530-FD5B-3DB4-9B72-53E684264352}.MinSizeRel|Win32.Build.0 = MinSizeRel|Win32
		{830A8530-FD5B-3DB4-9B72-53E684264352}.RelWithDebInfo|Win32.ActiveCfg = RelWithDebInfo|Win32
		{830A8530-FD5B-3DB4-9B72-53E684264352}.RelWithDebInfo|Win32.Build.0 = RelWithDebInfo|Win32
		{25211EC0-35EB-396F-B41E-A0782AC23532}.Debug|Win32.ActiveCfg = Debug|Win32
		{25211EC0-35EB-396F-B41E-A0782AC23532}.Debug|Win32.Build.0 = Debug|Win32
		{25211EC0-35EB-396F-B41E-A0782AC23532}.Release|Win32.ActiveCfg = Release|Win32
		{25211EC0-35EB-396F-B41E-A0782AC23532}.Release|Win32.Build.0 = Release|Win32
		{25211EC0-35EB-396F-B41E-A0782AC23532}.MinSizeRel|Win32.ActiveCfg = MinSizeRel|Win32
		{25211EC0-35EB-396F-B41E-A0782AC23532}.MinSizeRel|Win32.Build.0 = MinSizeRel|Win32
		{25211EC0-35EB-396F-B41E-A0782AC23532}.RelWithDebInfo|Win32.ActiveCfg = RelWithDebInfo|Win32
		{25211EC0-35EB-396F-B41E-A0782AC23532}.RelWithDebInfo|Win32.Build.0 = RelWithDebInfo|Win32
	EndGlobalSection
	GlobalSection(ExtensibilityGlobals) = postSolution
		SolutionGuid = {1F24874F-7E51-34AF-A470-7D757117B627}
	EndGlobalSection
	GlobalSection(ExtensibilityAddIns) = postSolution
	EndGlobalSection
EndGlobal
